
Microsoft Visual Studio Solution File, Format Version 12.00
# Visual Studio Version 16
VisualStudioVersion = 16.0.30503.244
MinimumVisualStudioVersion = 10.0.40219.1
Project("{FAE04EC0-301F-11D3-BF4B-00C04F79EFBC}") = "TheMatrix", "TheMatrix\TheMatrix.csproj", "{1FE8939C-DAFC-4157-A551-05C09537DBE8}"
EndProject
Global
	GlobalSection(SolutionConfigurationPlatforms) = preSolution
		Debug|Any CPU = Debug|Any CPU
		Release|Any CPU = Release|Any CPU
	EndGlobalSection
	GlobalSection(ProjectConfigurationPlatforms) = postSolution
		{1FE8939C-DAFC-4157-A551-05C09537DBE8}.Debug|Any CPU.ActiveCfg = Debug|Any CPU
		{1FE8939C-DAFC-4157-A551-05C09537DBE8}.Debug|Any CPU.Build.0 = Debug|Any CPU
		{1FE8939C-DAFC-4157-A551-05C09537DBE8}.Release|Any CPU.ActiveCfg = Release|Any CPU
		{1FE8939C-DAFC-4157-A551-05C09537DBE8}.Release|Any CPU.Build.0 = Release|Any CPU
	EndGlobalSection
	GlobalSection(SolutionProperties) = preSolution
		HideSolutionNode = FALSE
	EndGlobalSection
	GlobalSection(ExtensibilityGlobals) = postSolution
		SolutionGuid = {A804C0CA-74CC-4620-B1E4-72101218D1DA}
	EndGlobalSection
EndGlobal
